
Microsoft Visual Studio Solution File, Format Version 12.00
# Visual Studio Version 17
VisualStudioVersion = 17.4.33213.308
MinimumVisualStudioVersion = 10.0.40219.1
Project("{FAE04EC0-301F-11D3-BF4B-00C04F79EFBC}") = "my-books", "my-books\my-books.csproj", "{32E99517-06DB-47C0-818F-73DD27B189F6}"
EndProject
Global
	GlobalSection(SolutionConfigurationPlatforms) = preSolution
		Debug|Any CPU = Debug|Any CPU
		Release|Any CPU = Release|Any CPU
	EndGlobalSection
	GlobalSection(ProjectConfigurationPlatforms) = postSolution
		{32E99517-06DB-47C0-818F-73DD27B189F6}.Debug|Any CPU.ActiveCfg = Debug|Any CPU
		{32E99517-06DB-47C0-818F-73DD27B189F6}.Debug|Any CPU.Build.0 = Debug|Any CPU
		{32E99517-06DB-47C0-818F-73DD27B189F6}.Release|Any CPU.ActiveCfg = Release|Any CPU
		{32E99517-06DB-47C0-818F-73DD27B189F6}.Release|Any CPU.Build.0 = Release|Any CPU
	EndGlobalSection
	GlobalSection(SolutionProperties) = preSolution
		HideSolutionNode = FALSE
	EndGlobalSection
	GlobalSection(ExtensibilityGlobals) = postSolution
		SolutionGuid = {F90CB8B3-1C4A-41AC-9EFD-7CAF67153AA1}
	EndGlobalSection
EndGlobal
